
Microsoft Visual Studio Solution File, Format Version 12.00
# Visual Studio Version 17
VisualStudioVersion = 17.3.32901.215
MinimumVisualStudioVersion = 10.0.40219.1
Project("{FAE04EC0-301F-11D3-BF4B-00C04F79EFBC}") = "FirstMonoGame", "FirstMonoGame.csproj", "{683F3E9C-7E4F-489F-AAA1-15CD597F8613}"
EndProject
Global
	GlobalSection(SolutionConfigurationPlatforms) = preSolution
		Debug|Any CPU = Debug|Any CPU
		Release|Any CPU = Release|Any CPU
	EndGlobalSection
	GlobalSection(ProjectConfigurationPlatforms) = postSolution
		{683F3E9C-7E4F-489F-AAA1-15CD597F8613}.Debug|Any CPU.ActiveCfg = Debug|Any CPU
		{683F3E9C-7E4F-489F-AAA1-15CD597F8613}.Debug|Any CPU.Build.0 = Debug|Any CPU
		{683F3E9C-7E4F-489F-AAA1-15CD597F8613}.Release|Any CPU.ActiveCfg = Release|Any CPU
		{683F3E9C-7E4F-489F-AAA1-15CD597F8613}.Release|Any CPU.Build.0 = Release|Any CPU
	EndGlobalSection
	GlobalSection(SolutionProperties) = preSolution
		HideSolutionNode = FALSE
	EndGlobalSection
	GlobalSection(ExtensibilityGlobals) = postSolution
		SolutionGuid = {EC009810-3AC7-45D5-A635-28D4DF4F1804}
	EndGlobalSection
EndGlobal
